
Microsoft Visual Studio Solution File, Format Version 12.00
# Visual Studio 15
VisualStudioVersion = 15.0.27428.2015
MinimumVisualStudioVersion = 10.0.40219.1
Project("{D2ABAB84-BF74-430A-B69E-9DC6D40DDA17}") = "Chapter 07 Data Mining Descriptive Models", "Chapter 07 Data Mining Descriptive Models\Chapter 07 Data Mining Descriptive Models.dwproj", "{09FB809D-BB1C-497E-A2B1-15EA7BEE57F1}"
EndProject
Global
	GlobalSection(SolutionConfigurationPlatforms) = preSolution
		Development|Default = Development|Default
	EndGlobalSection
	GlobalSection(ProjectConfigurationPlatforms) = postSolution
		{09FB809D-BB1C-497E-A2B1-15EA7BEE57F1}.Development|Default.ActiveCfg = Development
		{09FB809D-BB1C-497E-A2B1-15EA7BEE57F1}.Development|Default.Build.0 = Development
		{09FB809D-BB1C-497E-A2B1-15EA7BEE57F1}.Development|Default.Deploy.0 = Development
	EndGlobalSection
	GlobalSection(SolutionProperties) = preSolution
		HideSolutionNode = FALSE
	EndGlobalSection
	GlobalSection(ExtensibilityGlobals) = postSolution
		SolutionGuid = {08BF86A7-CF88-445F-AF4E-5607708B0BFB}
	EndGlobalSection
EndGlobal
